// !$*UTF8*$!
{
	archiveVersion = 1;
	classes = {
	};
	objectVersion = 50;
	objects = {

/* Begin PBXBuildFile section */
		8798F92722350B3F00AD6926 /* AppDelegate.swift in Sources */ = {isa = PBXBuildFile; fileRef = 8798F92622350B3F00AD6926 /* AppDelegate.swift */; };
		8798F92922350B3F00AD6926 /* DetailsViewController.swift in Sources */ = {isa = PBXBuildFile; fileRef = 8798F92822350B3F00AD6926 /* DetailsViewController.swift */; };
		8798F92E22350B4200AD6926 /* Assets.xcassets in Resources */ = {isa = PBXBuildFile; fileRef = 8798F92D22350B4200AD6926 /* Assets.xcassets */; };
		8798F93122350B4200AD6926 /* LaunchScreen.storyboard in Resources */ = {isa = PBXBuildFile; fileRef = 8798F92F22350B4200AD6926 /* LaunchScreen.storyboard */; };
		D2EF4ECA0988DE2B106AF499 /* Pods_AloeStackViewTutorial.framework in Frameworks */ = {isa = PBXBuildFile; fileRef = CD1C2F846141F86EC25B5AEC /* Pods_AloeStackViewTutorial.framework */; };
/* End PBXBuildFile section */

/* Begin PBXFileReference section */
		3EE7E482201BD8C1FEF7C96F /* Pods-AloeStackViewTutorial.debug.xcconfig */ = {isa = PBXFileReference; includeInIndex = 1; lastKnownFileType = text.xcconfig; name = "Pods-AloeStackViewTutorial.debug.xcconfig"; path = "Pods/Target Support Files/Pods-AloeStackViewTutorial/Pods-AloeStackViewTutorial.debug.xcconfig"; sourceTree = "<group>"; };
		723B3D237AF1C83ABD2557A3 /* Pods-AloeStackViewTutorial.release.xcconfig */ = {isa = PBXFileReference; includeInIndex = 1; lastKnownFileType = text.xcconfig; name = "Pods-AloeStackViewTutorial.release.xcconfig"; path = "Pods/Target Support Files/Pods-AloeStackViewTutorial/Pods-AloeStackViewTutorial.release.xcconfig"; sourceTree = "<group>"; };
		8798F92322350B3F00AD6926 /* AloeStackViewTutorial.app */ = {isa = PBXFileReference; explicitFileType = wrapper.application; includeInIndex = 0; path = AloeStackViewTutorial.app; sourceTree = BUILT_PRODUCTS_DIR; };
		8798F92622350B3F00AD6926 /* AppDelegate.swift */ = {isa = PBXFileReference; lastKnownFileType = sourcecode.swift; path = AppDelegate.swift; sourceTree = "<group>"; };
		8798F92822350B3F00AD6926 /* DetailsViewController.swift */ = {isa = PBXFileReference; lastKnownFileType = sourcecode.swift; path = DetailsViewController.swift; sourceTree = "<group>"; };
		8798F92D22350B4200AD6926 /* Assets.xcassets */ = {isa = PBXFileReference; lastKnownFileType = folder.assetcatalog; path = Assets.xcassets; sourceTree = "<group>"; };
		8798F93022350B4200AD6926 /* Base */ = {isa = PBXFileReference; lastKnownFileType = file.storyboard; name = Base; path = Base.lproj/LaunchScreen.storyboard; sourceTree = "<group>"; };
		8798F93222350B4200AD6926 /* Info.plist */ = {isa = PBXFileReference; lastKnownFileType = text.plist.xml; path = Info.plist; sourceTree = "<group>"; };
		CD1C2F846141F86EC25B5AEC /* Pods_AloeStackViewTutorial.framework */ = {isa = PBXFileReference; explicitFileType = wrapper.framework; includeInIndex = 0; path = Pods_AloeStackViewTutorial.framework; sourceTree = BUILT_PRODUCTS_DIR; };
/* End PBXFileReference section */

/* Begin PBXFrameworksBuildPhase section */
		8798F92022350B3F00AD6926 /* Frameworks */ = {
			isa = PBXFrameworksBuildPhase;
			buildActionMask = 2147483647;
			files = (
				D2EF4ECA0988DE2B106AF499 /* Pods_AloeStackViewTutorial.framework in Frameworks */,
			);
			runOnlyForDeploymentPostprocessing = 0;
		};
/* End PBXFrameworksBuildPhase section */

/* Begin PBXGroup section */
		3B1CFB1CAA2C631911D7D870 /* Frameworks */ = {
			isa = PBXGroup;
			children = (
				CD1C2F846141F86EC25B5AEC /* Pods_AloeStackViewTutorial.framework */,
			);
			name = Frameworks;
			sourceTree = "<group>";
		};
		8798F91A22350B3F00AD6926 = {
			isa = PBXGroup;
			children = (
				8798F92522350B3F00AD6926 /* AloeStackViewTutorial */,
				8798F92422350B3F00AD6926 /* Products */,
				EECE969A6931B9DAC9C898F2 /* Pods */,
				3B1CFB1CAA2C631911D7D870 /* Frameworks */,
			);
			sourceTree = "<group>";
		};
		8798F92422350B3F00AD6926 /* Products */ = {
			isa = PBXGroup;
			children = (
				8798F92322350B3F00AD6926 /* AloeStackViewTutorial.app */,
			);
			name = Products;
			sourceTree = "<group>";
		};
		8798F92522350B3F00AD6926 /* AloeStackViewTutorial */ = {
			isa = PBXGroup;
			children = (
				8798F92622350B3F00AD6926 /* AppDelegate.swift */,
				8798F92822350B3F00AD6926 /* DetailsViewController.swift */,
				8798F92D22350B4200AD6926 /* Assets.xcassets */,
				8798F92F22350B4200AD6926 /* LaunchScreen.storyboard */,
				8798F93222350B4200AD6926 /* Info.plist */,
			);
			path = AloeStackViewTutorial;
			sourceTree = "<group>";
		};
		EECE969A6931B9DAC9C898F2 /* Pods */ = {
			isa = PBXGroup;
			children = (
				3EE7E482201BD8C1FEF7C96F /* Pods-AloeStackViewTutorial.debug.xcconfig */,
				723B3D237AF1C83ABD2557A3 /* Pods-AloeStackViewTutorial.release.xcconfig */,
			);
			name = Pods;
			sourceTree = "<group>";
		};
/* End PBXGroup section */

/* Begin PBXNativeTarget section */
		8798F92222350B3F00AD6926 /* AloeStackViewTutorial */ = {
			isa = PBXNativeTarget;
			buildConfigurationList = 8798F93522350B4200AD6926 /* Build configuration list for PBXNativeTarget "AloeStackViewTutorial" */;
			buildPhases = (
				8943A91082432371D93445BD /* [CP] Check Pods Manifest.lock */,
				8798F91F22350B3F00AD6926 /* Sources */,
				8798F92022350B3F00AD6926 /* Frameworks */,
				8798F92122350B3F00AD6926 /* Resources */,
				4FCD087F074D5D5D397E5313 /* [CP] Embed Pods Frameworks */,
			);
			buildRules = (
			);
			dependencies = (
			);
			name = AloeStackViewTutorial;
			productName = AloeStackViewTutorial;
			productReference = 8798F92322350B3F00AD6926 /* AloeStackViewTutorial.app */;
			productType = "com.apple.product-type.application";
		};
/* End PBXNativeTarget section */

/* Begin PBXProject section */
		8798F91B22350B3F00AD6926 /* Project object */ = {
			isa = PBXProject;
			attributes = {
				LastSwiftUpdateCheck = 1010;
				LastUpgradeCheck = 1010;
				ORGANIZATIONNAME = Grace;
				TargetAttributes = {
					8798F92222350B3F00AD6926 = {
						CreatedOnToolsVersion = 10.1;
					};
				};
			};
			buildConfigurationList = 8798F91E22350B3F00AD6926 /* Build configuration list for PBXProject "AloeStackViewTutorial" */;
			compatibilityVersion = "Xcode 9.3";
			developmentRegion = en;
			hasScannedForEncodings = 0;
			knownRegions = (
				en,
				Base,
			);
			mainGroup = 8798F91A22350B3F00AD6926;
			productRefGroup = 8798F92422350B3F00AD6926 /* Products */;
			projectDirPath = "";
			projectRoot = "";
			targets = (
				8798F92222350B3F00AD6926 /* AloeStackViewTutorial */,
			);
		};
/* End PBXProject section */

/* Begin PBXResourcesBuildPhase section */
		8798F92122350B3F00AD6926 /* Resources */ = {
			isa = PBXResourcesBuildPhase;
			buildActionMask = 2147483647;
			files = (
				8798F93122350B4200AD6926 /* LaunchScreen.storyboard in Resources */,
				8798F92E22350B4200AD6926 /* Assets.xcassets in Resources */,
			);
			runOnlyForDeploymentPostprocessing = 0;
		};
/* End PBXResourcesBuildPhase section */

/* Begin PBXShellScriptBuildPhase section */
		4FCD087F074D5D5D397E5313 /* [CP] Embed Pods Frameworks */ = {
			isa = PBXShellScriptBuildPhase;
			buildActionMask = 2147483647;
			files = (
			);
			inputPaths = (
				"${SRCROOT}/Pods/Target Support Files/Pods-AloeStackViewTutorial/Pods-AloeStackViewTutorial-frameworks.sh",
				"${BUILT_PRODUCTS_DIR}/AloeStackView/AloeStackView.framework",
			);
			name = "[CP] Embed Pods Frameworks";
			outputPaths = (
				"${TARGET_BUILD_DIR}/${FRAMEWORKS_FOLDER_PATH}/AloeStackView.framework",
			);
			runOnlyForDeploymentPostprocessing = 0;
			shellPath = /bin/sh;
			shellScript = "\"${SRCROOT}/Pods/Target Support Files/Pods-AloeStackViewTutorial/Pods-AloeStackViewTutorial-frameworks.sh\"\n";
			showEnvVarsInLog = 0;
		};
		8943A91082432371D93445BD /* [CP] Check Pods Manifest.lock */ = {
			isa = PBXShellScriptBuildPhase;
			buildActionMask = 2147483647;
			files = (
			);
			inputPaths = (
				"${PODS_PODFILE_DIR_PATH}/Podfile.lock",
				"${PODS_ROOT}/Manifest.lock",
			);
			name = "[CP] Check Pods Manifest.lock";
			outputPaths = (
				"$(DERIVED_FILE_DIR)/Pods-AloeStackViewTutorial-checkManifestLockResult.txt",
			);
			runOnlyForDeploymentPostprocessing = 0;
			shellPath = /bin/sh;
			shellScript = "diff \"${PODS_PODFILE_DIR_PATH}/Podfile.lock\" \"${PODS_ROOT}/Manifest.lock\" > /dev/null\nif [ $? != 0 ] ; then\n    # print error to STDERR\n    echo \"error: The sandbox is not in sync with the Podfile.lock. Run 'pod install' or update your CocoaPods installation.\" >&2\n    exit 1\nfi\n# This output is used by Xcode 'outputs' to avoid re-running this script phase.\necho \"SUCCESS\" > \"${SCRIPT_OUTPUT_FILE_0}\"\n";
			showEnvVarsInLog = 0;
		};
/* End PBXShellScriptBuildPhase section */

/* Begin PBXSourcesBuildPhase section */
		8798F91F22350B3F00AD6926 /* Sources */ = {
			isa = PBXSourcesBuildPhase;
			buildActionMask = 2147483647;
			files = (
				8798F92922350B3F00AD6926 /* DetailsViewController.swift in Sources */,
				8798F92722350B3F00AD6926 /* AppDelegate.swift in Sources */,
			);
			runOnlyForDeploymentPostprocessing = 0;
		};
/* End PBXSourcesBuildPhase section */

/* Begin PBXVariantGroup section */
		8798F92F22350B4200AD6926 /* LaunchScreen.storyboard */ = {
			isa = PBXVariantGroup;
			children = (
				8798F93022350B4200AD6926 /* Base */,
			);
			name = LaunchScreen.storyboard;
			sourceTree = "<group>";
		};
/* End PBXVariantGroup section */

/* Begin XCBuildConfiguration section */
		8798F93322350B4200AD6926 /* Debug */ = {
			isa = XCBuildConfiguration;
			buildSettings = {
				ALWAYS_SEARCH_USER_PATHS = NO;
				CLANG_ANALYZER_NONNULL = YES;
				CLANG_ANALYZER_NUMBER_OBJECT_CONVERSION = YES_AGGRESSIVE;
				CLANG_CXX_LANGUAGE_STANDARD = "gnu++14";
				CLANG_CXX_LIBRARY = "libc++";
				CLANG_ENABLE_MODULES = YES;
				CLANG_ENABLE_OBJC_ARC = YES;
				CLANG_ENABLE_OBJC_WEAK = YES;
				CLANG_WARN_BLOCK_CAPTURE_AUTORELEASING = YES;
				CLANG_WARN_BOOL_CONVERSION = YES;
				CLANG_WARN_COMMA = YES;
				CLANG_WARN_CONSTANT_CONVERSION = YES;
				CLANG_WARN_DEPRECATED_OBJC_IMPLEMENTATIONS = YES;
				CLANG_WARN_DIRECT_OBJC_ISA_USAGE = YES_ERROR;
				CLANG_WARN_DOCUMENTATION_COMMENTS = YES;
				CLANG_WARN_EMPTY_BODY = YES;
				CLANG_WARN_ENUM_CONVERSION = YES;
				CLANG_WARN_INFINITE_RECURSION = YES;
				CLANG_WARN_INT_CONVERSION = YES;
				CLANG_WARN_NON_LITERAL_NULL_CONVERSION = YES;
				CLANG_WARN_OBJC_IMPLICIT_RETAIN_SELF = YES;
				CLANG_WARN_OBJC_LITERAL_CONVERSION = YES;
				CLANG_WARN_OBJC_ROOT_CLASS = YES_ERROR;
				CLANG_WARN_RANGE_LOOP_ANALYSIS = YES;
				CLANG_WARN_STRICT_PROTOTYPES = YES;
				CLANG_WARN_SUSPICIOUS_MOVE = YES;
				CLANG_WARN_UNGUARDED_AVAILABILITY = YES_AGGRESSIVE;
				CLANG_WARN_UNREACHABLE_CODE = YES;
				CLANG_WARN__DUPLICATE_METHOD_MATCH = YES;
				CODE_SIGN_IDENTITY = "iPhone Developer";
				COPY_PHASE_STRIP = NO;
				DEBUG_INFORMATION_FORMAT = dwarf;
				ENABLE_STRICT_OBJC_MSGSEND = YES;
				ENABLE_TESTABILITY = YES;
				GCC_C_LANGUAGE_STANDARD = gnu11;
				GCC_DYNAMIC_NO_PIC = NO;
				GCC_NO_COMMON_BLOCKS = YES;
				GCC_OPTIMIZATION_LEVEL = 0;
				GCC_PREPROCESSOR_DEFINITIONS = (
					"DEBUG=1",
					"$(inherited)",
				);
				GCC_WARN_64_TO_32_BIT_CONVERSION = YES;
				GCC_WARN_ABOUT_RETURN_TYPE = YES_ERROR;
				GCC_WARN_UNDECLARED_SELECTOR = YES;
				GCC_WARN_UNINITIALIZED_AUTOS = YES_AGGRESSIVE;
				GCC_WARN_UNUSED_FUNCTION = YES;
				GCC_WARN_UNUSED_VARIABLE = YES;
				IPHONEOS_DEPLOYMENT_TARGET = 12.1;
				MTL_ENABLE_DEBUG_INFO = INCLUDE_SOURCE;
				MTL_FAST_MATH = YES;
				ONLY_ACTIVE_ARCH = YES;
				SDKROOT = iphoneos;
				SWIFT_ACTIVE_COMPILATION_CONDITIONS = DEBUG;
				SWIFT_OPTIMIZATION_LEVEL = "-Onone";
			};
			name = Debug;
		};
		8798F93422350B4200AD6926 /* Release */ = {
			isa = XCBuildConfiguration;
			buildSettings = {
				ALWAYS_SEARCH_USER_PATHS = NO;
				CLANG_ANALYZER_NONNULL = YES;
				CLANG_ANALYZER_NUMBER_OBJECT_CONVERSION = YES_AGGRESSIVE;
				CLANG_CXX_LANGUAGE_STANDARD = "gnu++14";
				CLANG_CXX_LIBRARY = "libc++";
				CLANG_ENABLE_MODULES = YES;
				CLANG_ENABLE_OBJC_ARC = YES;
				CLANG_ENABLE_OBJC_WEAK = YES;
				CLANG_WARN_BLOCK_CAPTURE_AUTORELEASING = YES;
				CLANG_WARN_BOOL_CONVERSION = YES;
				CLANG_WARN_COMMA = YES;
				CLANG_WARN_CONSTANT_CONVERSION = YES;
				CLANG_WARN_DEPRECATED_OBJC_IMPLEMENTATIONS = YES;
				CLANG_WARN_DIRECT_OBJC_ISA_USAGE = YES_ERROR;
				CLANG_WARN_DOCUMENTATION_COMMENTS = YES;
				CLANG_WARN_EMPTY_BODY = YES;
				CLANG_WARN_ENUM_CONVERSION = YES;
				CLANG_WARN_INFINITE_RECURSION = YES;
				CLANG_WARN_INT_CONVERSION = YES;
				CLANG_WARN_NON_LITERAL_NULL_CONVERSION = YES;
				CLANG_WARN_OBJC_IMPLICIT_RETAIN_SELF = YES;
				CLANG_WARN_OBJC_LITERAL_CONVERSION = YES;
				CLANG_WARN_OBJC_ROOT_CLASS = YES_ERROR;
				CLANG_WARN_RANGE_LOOP_ANALYSIS = YES;
				CLANG_WARN_STRICT_PROTOTYPES = YES;
				CLANG_WARN_SUSPICIOUS_MOVE = YES;
				CLANG_WARN_UNGUARDED_AVAILABILITY = YES_AGGRESSIVE;
				CLANG_WARN_UNREACHABLE_CODE = YES;
				CLANG_WARN__DUPLICATE_METHOD_MATCH = YES;
				CODE_SIGN_IDENTITY = "iPhone Developer";
				COPY_PHASE_STRIP = NO;
				DEBUG_INFORMATION_FORMAT = "dwarf-with-dsym";
				ENABLE_NS_ASSERTIONS = NO;
				ENABLE_STRICT_OBJC_MSGSEND = YES;
				GCC_C_LANGUAGE_STANDARD = gnu11;
				GCC_NO_COMMON_BLOCKS = YES;
				GCC_WARN_64_TO_32_BIT_CONVERSION = YES;
				GCC_WARN_ABOUT_RETURN_TYPE = YES_ERROR;
				GCC_WARN_UNDECLARED_SELECTOR = YES;
				GCC_WARN_UNINITIALIZED_AUTOS = YES_AGGRESSIVE;
				GCC_WARN_UNUSED_FUNCTION = YES;
				GCC_WARN_UNUSED_VARIABLE = YES;
				IPHONEOS_DEPLOYMENT_TARGET = 12.1;
				MTL_ENABLE_DEBUG_INFO = NO;
				MTL_FAST_MATH = YES;
				SDKROOT = iphoneos;
				SWIFT_COMPILATION_MODE = wholemodule;
				SWIFT_OPTIMIZATION_LEVEL = "-O";
				VALIDATE_PRODUCT = YES;
			};
			name = Release;
		};
		8798F93622350B4200AD6926 /* Debug */ = {
			isa = XCBuildConfiguration;
			baseConfigurationReference = 3EE7E482201BD8C1FEF7C96F /* Pods-AloeStackViewTutorial.debug.xcconfig */;
			buildSettings = {
				ASSETCATALOG_COMPILER_APPICON_NAME = AppIcon;
				CODE_SIGN_STYLE = Automatic;
				INFOPLIST_FILE = AloeStackViewTutorial/Info.plist;
				LD_RUNPATH_SEARCH_PATHS = (
					"$(inherited)",
					"@executable_path/Frameworks",
				);
				PRODUCT_BUNDLE_IDENTIFIER = dummy.AloeStackViewTutorial;
				PRODUCT_NAME = "$(TARGET_NAME)";
				SWIFT_VERSION = 4.2;
				TARGETED_DEVICE_FAMILY = "1,2";
			};
			name = Debug;
		};
		8798F93722350B4200AD6926 /* Release */ = {
			isa = XCBuildConfiguration;
			baseConfigurationReference = 723B3D237AF1C83ABD2557A3 /* Pods-AloeStackViewTutorial.release.xcconfig */;
			buildSettings = {
				ASSETCATALOG_COMPILER_APPICON_NAME = AppIcon;
				CODE_SIGN_STYLE = Automatic;
				INFOPLIST_FILE = AloeStackViewTutorial/Info.plist;
				LD_RUNPATH_SEARCH_PATHS = (
					"$(inherited)",
					"@executable_path/Frameworks",
				);
				PRODUCT_BUNDLE_IDENTIFIER = dummy.AloeStackViewTutorial;
				PRODUCT_NAME = "$(TARGET_NAME)";
				SWIFT_VERSION = 4.2;
				TARGETED_DEVICE_FAMILY = "1,2";
			};
			name = Release;
		};
/* End XCBuildConfiguration section */

/* Begin XCConfigurationList section */
		8798F91E22350B3F00AD6926 /* Build configuration list for PBXProject "AloeStackViewTutorial" */ = {
			isa = XCConfigurationList;
			buildConfigurations = (
				8798F93322350B4200AD6926 /* Debug */,
				8798F93422350B4200AD6926 /* Release */,
			);
			defaultConfigurationIsVisible = 0;
			defaultConfigurationName = Release;
		};
		8798F93522350B4200AD6926 /* Build configuration list for PBXNativeTarget "AloeStackViewTutorial" */ = {
			isa = XCConfigurationList;
			buildConfigurations = (
				8798F93622350B4200AD6926 /* Debug */,
				8798F93722350B4200AD6926 /* Release */,
			);
			defaultConfigurationIsVisible = 0;
			defaultConfigurationName = Release;
		};
/* End XCConfigurationList section */
	};
	rootObject = 8798F91B22350B3F00AD6926 /* Project object */;
}
